
Microsoft Visual Studio Solution File, Format Version 12.00
# Visual Studio Version 17
VisualStudioVersion = 17.5.33516.290
MinimumVisualStudioVersion = 10.0.40219.1
Project("{9A19103F-16F7-4668-BE54-9A1E7A4F7556}") = "FunctionApp3", "FunctionApp3.csproj", "{62A93BBF-FC2D-4DE6-AD8D-69B570A3B5B3}"
EndProject
Project("{FAE04EC0-301F-11D3-BF4B-00C04F79EFBC}") = "Test", "..\Test\Test.csproj", "{9954AD17-BAC6-4673-A424-36F40533194D}"
EndProject
Global
	GlobalSection(SolutionConfigurationPlatforms) = preSolution
		Debug|Any CPU = Debug|Any CPU
		Release|Any CPU = Release|Any CPU
	EndGlobalSection
	GlobalSection(ProjectConfigurationPlatforms) = postSolution
		{62A93BBF-FC2D-4DE6-AD8D-69B570A3B5B3}.Debug|Any CPU.ActiveCfg = Debug|Any CPU
		{62A93BBF-FC2D-4DE6-AD8D-69B570A3B5B3}.Debug|Any CPU.Build.0 = Debug|Any CPU
		{62A93BBF-FC2D-4DE6-AD8D-69B570A3B5B3}.Release|Any CPU.ActiveCfg = Release|Any CPU
		{62A93BBF-FC2D-4DE6-AD8D-69B570A3B5B3}.Release|Any CPU.Build.0 = Release|Any CPU
		{9954AD17-BAC6-4673-A424-36F40533194D}.Debug|Any CPU.ActiveCfg = Debug|Any CPU
		{9954AD17-BAC6-4673-A424-36F40533194D}.Debug|Any CPU.Build.0 = Debug|Any CPU
		{9954AD17-BAC6-4673-A424-36F40533194D}.Release|Any CPU.ActiveCfg = Release|Any CPU
		{9954AD17-BAC6-4673-A424-36F40533194D}.Release|Any CPU.Build.0 = Release|Any CPU
	EndGlobalSection
	GlobalSection(SolutionProperties) = preSolution
		HideSolutionNode = FALSE
	EndGlobalSection
	GlobalSection(ExtensibilityGlobals) = postSolution
		SolutionGuid = {EE6B637E-5CB3-482D-9869-86D6F2542C1B}
	EndGlobalSection
EndGlobal
